// !$*UTF8*$!
{
	archiveVersion = 1;
	classes = {
	};
	objectVersion = 110;
	objects = {

/* Begin PBXBuildFile section */
		DBC69337302FB6AF00074CC8 /* cefaleia-launch.jpg in Resources */ = {isa = PBXBuildFile; fileRef = DBC69336302FB6AF00074CC8 /* cefaleia-launch.jpg */; };
		DBE5A003302C9F00008A0003 /* Supabase in Frameworks */ = {isa = PBXBuildFile; productRef = DBE5A002302C9F00008A0002 /* Supabase */; };
		DBED17A2302E716300BF1E69 /* cefaleia-icon.icon in Resources */ = {isa = PBXBuildFile; fileRef = DBED17A1302E716300BF1E69 /* cefaleia-icon.icon */; };
/* End PBXBuildFile section */

/* Begin PBXContainerItemProxy section */
		DB5BBF79302C9B03006F0DEA /* PBXContainerItemProxy */ = {
			isa = PBXContainerItemProxy;
			containerPortal = DB4F6BE2302B6D580014AC08 /* Project object */;
			proxyType = 1;
			remoteGlobalIDString = DB4F6BE9302B6D590014AC08;
			remoteInfo = "Diario da Cefaleia";
		};
/* End PBXContainerItemProxy section */

/* Begin PBXFileReference section */
		DB4F6BEA302B6D590014AC08 /* Diario da Cefaleia.app */ = {isa = PBXFileReference; explicitFileType = wrapper.application; includeInIndex = 0; path = "Diario da Cefaleia.app"; sourceTree = BUILT_PRODUCTS_DIR; };
		DB5BBF75302C9B03006F0DEA /* Diario da Cefaleia Tests.xctest */ = {isa = PBXFileReference; explicitFileType = wrapper.cfbundle; includeInIndex = 0; path = "Diario da Cefaleia Tests.xctest"; sourceTree = BUILT_PRODUCTS_DIR; };
		DBC69336302FB6AF00074CC8 /* cefaleia-launch.jpg */ = {isa = PBXFileReference; lastKnownFileType = image.jpeg; path = "cefaleia-launch.jpg"; sourceTree = "<group>"; };
		DBED17A1302E716300BF1E69 /* cefaleia-icon.icon */ = {isa = PBXFileReference; lastKnownFileType = folder.iconcomposer.icon; path = "cefaleia-icon.icon"; sourceTree = "<group>"; };
/* End PBXFileReference section */

/* Begin PBXFileSystemSynchronizedBuildFileExceptionSet section */
		DBF93BD6302C9A6D008E5F77 /* Exceptions for "Diario da Cefaleia" folder in "Diario da Cefaleia" target */ = {
			isa = PBXFileSystemSynchronizedBuildFileExceptionSet;
			membershipExceptions = (
				"Diario-da-Cefaleia-Info.plist",
			);
			target = DB4F6BE9302B6D590014AC08 /* Diario da Cefaleia */;
		};
/* End PBXFileSystemSynchronizedBuildFileExceptionSet section */

/* Begin PBXFileSystemSynchronizedRootGroup section */
		DB4F6BEC302B6D590014AC08 /* Diario da Cefaleia */ = {
			isa = PBXFileSystemSynchronizedRootGroup;
			exceptions = (
				DBF93BD6302C9A6D008E5F77 /* Exceptions for "Diario da Cefaleia" folder in "Diario da Cefaleia" target */,
			);
			path = "Diario da Cefaleia";
			sourceTree = "<group>";
		};
		DB5BBF76302C9B03006F0DEA /* Diario da Cefaleia Tests */ = {
			isa = PBXFileSystemSynchronizedRootGroup;
			path = "Diario da Cefaleia Tests";
			sourceTree = "<group>";
		};
/* End PBXFileSystemSynchronizedRootGroup section */

/* Begin PBXFrameworksBuildPhase section */
		DB4F6BE7302B6D590014AC08 /* Frameworks */ = {
			isa = PBXFrameworksBuildPhase;
			files = (
				DBE5A003302C9F00008A0003 /* Supabase in Frameworks */,
			);
		};
		DB5BBF72302C9B02006F0DEA /* Frameworks */ = {
			isa = PBXFrameworksBuildPhase;
			files = (
			);
		};
/* End PBXFrameworksBuildPhase section */

/* Begin PBXGroup section */
		DB4F6BE1302B6D580014AC08 = {
			isa = PBXGroup;
			children = (
				DB4F6BEC302B6D590014AC08 /* Diario da Cefaleia */,
				DB5BBF76302C9B03006F0DEA /* Diario da Cefaleia Tests */,
				DBED17A1302E716300BF1E69 /* cefaleia-icon.icon */,
				DBC69336302FB6AF00074CC8 /* cefaleia-launch.jpg */,
				DB4F6BEB302B6D590014AC08 /* Products */,
			);
			sourceTree = "<group>";
		};
		DB4F6BEB302B6D590014AC08 /* Products */ = {
			isa = PBXGroup;
			children = (
				DB4F6BEA302B6D590014AC08 /* Diario da Cefaleia.app */,
				DB5BBF75302C9B03006F0DEA /* Diario da Cefaleia Tests.xctest */,
			);
			name = Products;
			sourceTree = "<group>";
		};
/* End PBXGroup section */

/* Begin PBXNativeTarget section */
		DB4F6BE9302B6D590014AC08 /* Diario da Cefaleia */ = {
			isa = PBXNativeTarget;
			buildConfigurationList = DB4F6BF7302B6D5C0014AC08 /* Build configuration list for PBXNativeTarget "Diario da Cefaleia" */;
			buildPhases = (
				DB4F6BE6302B6D590014AC08 /* Sources */,
				DB4F6BE7302B6D590014AC08 /* Frameworks */,
				DB4F6BE8302B6D590014AC08 /* Resources */,
			);
			buildRules = (
			);
			fileSystemSynchronizedGroups = (
				DB4F6BEC302B6D590014AC08 /* Diario da Cefaleia */,
			);
			name = "Diario da Cefaleia";
			packageProductDependencies = (
				DBE5A002302C9F00008A0002 /* Supabase */,
			);
			productName = "Diario da Cefaleia";
			productReference = DB4F6BEA302B6D590014AC08 /* Diario da Cefaleia.app */;
			productType = "com.apple.product-type.application";
		};
		DB5BBF74302C9B02006F0DEA /* Diario da Cefaleia Tests */ = {
			isa = PBXNativeTarget;
			buildConfigurationList = DB5BBF7B302C9B03006F0DEA /* Build configuration list for PBXNativeTarget "Diario da Cefaleia Tests" */;
			buildPhases = (
				DB5BBF71302C9B02006F0DEA /* Sources */,
				DB5BBF72302C9B02006F0DEA /* Frameworks */,
				DB5BBF73302C9B02006F0DEA /* Resources */,
			);
			buildRules = (
			);
			dependencies = (
				DB5BBF7A302C9B03006F0DEA /* PBXTargetDependency */,
			);
			fileSystemSynchronizedGroups = (
				DB5BBF76302C9B03006F0DEA /* Diario da Cefaleia Tests */,
			);
			name = "Diario da Cefaleia Tests";
			productName = "Diario da Cefaleia Tests";
			productReference = DB5BBF75302C9B03006F0DEA /* Diario da Cefaleia Tests.xctest */;
			productType = "com.apple.product-type.bundle.unit-test";
		};
/* End PBXNativeTarget section */

/* Begin PBXProject section */
		DB4F6BE2302B6D580014AC08 /* Project object */ = {
			isa = PBXProject;
			attributes = {
				BuildIndependentTargetsInParallel = 1;
				LastSwiftUpdateCheck = 2700;
				LastUpgradeCheck = 2700;
				TargetAttributes = {
					DB4F6BE9302B6D590014AC08 = {
						CreatedOnToolsVersion = 27.0;
					};
					DB5BBF74302C9B02006F0DEA = {
						CreatedOnToolsVersion = 27.0;
						TestTargetID = DB4F6BE9302B6D590014AC08;
					};
				};
			};
			buildConfigurationList = DB4F6BE5302B6D580014AC08 /* Build configuration list for PBXProject "Diario da Cefaleia" */;
			developmentRegion = en;
			hasScannedForEncodings = 0;
			knownRegions = (
				en,
				Base,
			);
			mainGroup = DB4F6BE1302B6D580014AC08;
			minimizedProjectReferenceProxies = 1;
			packageReferences = (
				DBE5A001302C9F00008A0001 /* XCRemoteSwiftPackageReference "supabase-swift" */,
			);
			preferredProjectObjectVersion = 77;
			productRefGroup = DB4F6BEB302B6D590014AC08 /* Products */;
			projectDirPath = "";
			projectRoot = "";
			targets = (
				DB4F6BE9302B6D590014AC08 /* Diario da Cefaleia */,
				DB5BBF74302C9B02006F0DEA /* Diario da Cefaleia Tests */,
			);
		};
/* End PBXProject section */

/* Begin PBXResourcesBuildPhase section */
		DB4F6BE8302B6D590014AC08 /* Resources */ = {
			isa = PBXResourcesBuildPhase;
			files = (
				DBED17A2302E716300BF1E69 /* cefaleia-icon.icon in Resources */,
				DBC69337302FB6AF00074CC8 /* cefaleia-launch.jpg in Resources */,
			);
		};
		DB5BBF73302C9B02006F0DEA /* Resources */ = {
			isa = PBXResourcesBuildPhase;
			files = (
			);
		};
/* End PBXResourcesBuildPhase section */

/* Begin PBXSourcesBuildPhase section */
		DB4F6BE6302B6D590014AC08 /* Sources */ = {
			isa = PBXSourcesBuildPhase;
			files = (
			);
		};
		DB5BBF71302C9B02006F0DEA /* Sources */ = {
			isa = PBXSourcesBuildPhase;
			files = (
			);
		};
/* End PBXSourcesBuildPhase section */

/* Begin PBXTargetDependency section */
		DB5BBF7A302C9B03006F0DEA /* PBXTargetDependency */ = {
			isa = PBXTargetDependency;
			target = DB4F6BE9302B6D590014AC08 /* Diario da Cefaleia */;
			targetProxy = DB5BBF79302C9B03006F0DEA /* PBXContainerItemProxy */;
		};
/* End PBXTargetDependency section */

/* Begin XCBuildConfiguration section */
		DB4F6BF5302B6D5C0014AC08 /* Debug configuration for PBXProject "Diario da Cefaleia" */ = {
			isa = XCBuildConfiguration;
			buildSettings = {
				ALWAYS_SEARCH_USER_PATHS = NO;
				ASSETCATALOG_COMPILER_GENERATE_SWIFT_ASSET_SYMBOL_EXTENSIONS = YES;
				CLANG_ANALYZER_NONNULL = YES;
				CLANG_ANALYZER_NUMBER_OBJECT_CONVERSION = YES_AGGRESSIVE;
				CLANG_CXX_LANGUAGE_STANDARD = "gnu++20";
				CLANG_ENABLE_MODULES = YES;
				CLANG_ENABLE_OBJC_ARC = YES;
				CLANG_ENABLE_OBJC_WEAK = YES;
				CLANG_WARN_BLOCK_CAPTURE_AUTORELEASING = YES;
				CLANG_WARN_BOOL_CONVERSION = YES;
				CLANG_WARN_COMMA = YES;
				CLANG_WARN_CONSTANT_CONVERSION = YES;
				CLANG_WARN_DEPRECATED_OBJC_IMPLEMENTATIONS = YES;
				CLANG_WARN_DIRECT_OBJC_ISA_USAGE = YES_ERROR;
				CLANG_WARN_DOCUMENTATION_COMMENTS = YES;
				CLANG_WARN_EMPTY_BODY = YES;
				CLANG_WARN_ENUM_CONVERSION = YES;
				CLANG_WARN_INFINITE_RECURSION = YES;
				CLANG_WARN_INT_CONVERSION = YES;
				CLANG_WARN_NON_LITERAL_NULL_CONVERSION = YES;
				CLANG_WARN_OBJC_IMPLICIT_RETAIN_SELF = YES;
				CLANG_WARN_OBJC_LITERAL_CONVERSION = YES;
				CLANG_WARN_OBJC_ROOT_CLASS = YES_ERROR;
				CLANG_WARN_QUOTED_INCLUDE_IN_FRAMEWORK_HEADER = YES;
				CLANG_WARN_RANGE_LOOP_ANALYSIS = YES;
				CLANG_WARN_STRICT_PROTOTYPES = YES;
				CLANG_WARN_SUSPICIOUS_MOVE = YES;
				CLANG_WARN_UNGUARDED_AVAILABILITY = YES_AGGRESSIVE;
				CLANG_WARN_UNREACHABLE_CODE = YES;
				CLANG_WARN__DUPLICATE_METHOD_MATCH = YES;
				COPY_PHASE_STRIP = NO;
				DEBUG_INFORMATION_FORMAT = dwarf;
				DEVELOPMENT_TEAM = 6UNZ5TS4P7;
				ENABLE_STRICT_OBJC_MSGSEND = YES;
				ENABLE_TESTABILITY = YES;
				ENABLE_USER_SCRIPT_SANDBOXING = YES;
				GCC_C_LANGUAGE_STANDARD = gnu17;
				GCC_DYNAMIC_NO_PIC = NO;
				GCC_NO_COMMON_BLOCKS = YES;
				GCC_OPTIMIZATION_LEVEL = 0;
				GCC_PREPROCESSOR_DEFINITIONS = (
					"DEBUG=1",
					"$(inherited)",
				);
				GCC_WARN_64_TO_32_BIT_CONVERSION = YES;
				GCC_WARN_ABOUT_RETURN_TYPE = YES_ERROR;
				GCC_WARN_UNDECLARED_SELECTOR = YES;
				GCC_WARN_UNINITIALIZED_AUTOS = YES_AGGRESSIVE;
				GCC_WARN_UNUSED_FUNCTION = YES;
				GCC_WARN_UNUSED_VARIABLE = YES;
				IPHONEOS_DEPLOYMENT_TARGET = 27.0;
				LOCALIZATION_PREFERS_STRING_CATALOGS = YES;
				MTL_ENABLE_DEBUG_INFO = INCLUDE_SOURCE;
				MTL_FAST_MATH = YES;
				ONLY_ACTIVE_ARCH = YES;
				SDKROOT = iphoneos;
				SWIFT_ACTIVE_COMPILATION_CONDITIONS = "DEBUG $(inherited)";
				SWIFT_OPTIMIZATION_LEVEL = "-Onone";
			};
			name = Debug;
		};
		DB4F6BF6302B6D5C0014AC08 /* Release configuration for PBXProject "Diario da Cefaleia" */ = {
			isa = XCBuildConfiguration;
			buildSettings = {
				ALWAYS_SEARCH_USER_PATHS = NO;
				ASSETCATALOG_COMPILER_GENERATE_SWIFT_ASSET_SYMBOL_EXTENSIONS = YES;
				CLANG_ANALYZER_NONNULL = YES;
				CLANG_ANALYZER_NUMBER_OBJECT_CONVERSION = YES_AGGRESSIVE;
				CLANG_CXX_LANGUAGE_STANDARD = "gnu++20";
				CLANG_ENABLE_MODULES = YES;
				CLANG_ENABLE_OBJC_ARC = YES;
				CLANG_ENABLE_OBJC_WEAK = YES;
				CLANG_WARN_BLOCK_CAPTURE_AUTORELEASING = YES;
				CLANG_WARN_BOOL_CONVERSION = YES;
				CLANG_WARN_COMMA = YES;
				CLANG_WARN_CONSTANT_CONVERSION = YES;
				CLANG_WARN_DEPRECATED_OBJC_IMPLEMENTATIONS = YES;
				CLANG_WARN_DIRECT_OBJC_ISA_USAGE = YES_ERROR;
				CLANG_WARN_DOCUMENTATION_COMMENTS = YES;
				CLANG_WARN_EMPTY_BODY = YES;
				CLANG_WARN_ENUM_CONVERSION = YES;
				CLANG_WARN_INFINITE_RECURSION = YES;
				CLANG_WARN_INT_CONVERSION = YES;
				CLANG_WARN_NON_LITERAL_NULL_CONVERSION = YES;
				CLANG_WARN_OBJC_IMPLICIT_RETAIN_SELF = YES;
				CLANG_WARN_OBJC_LITERAL_CONVERSION = YES;
				CLANG_WARN_OBJC_ROOT_CLASS = YES_ERROR;
				CLANG_WARN_QUOTED_INCLUDE_IN_FRAMEWORK_HEADER = YES;
				CLANG_WARN_RANGE_LOOP_ANALYSIS = YES;
				CLANG_WARN_STRICT_PROTOTYPES = YES;
				CLANG_WARN_SUSPICIOUS_MOVE = YES;
				CLANG_WARN_UNGUARDED_AVAILABILITY = YES_AGGRESSIVE;
				CLANG_WARN_UNREACHABLE_CODE = YES;
				CLANG_WARN__DUPLICATE_METHOD_MATCH = YES;
				COPY_PHASE_STRIP = NO;
				DEBUG_INFORMATION_FORMAT = "dwarf-with-dsym";
				DEVELOPMENT_TEAM = 6UNZ5TS4P7;
				ENABLE_NS_ASSERTIONS = NO;
				ENABLE_STRICT_OBJC_MSGSEND = YES;
				ENABLE_USER_SCRIPT_SANDBOXING = YES;
				GCC_C_LANGUAGE_STANDARD = gnu17;
				GCC_NO_COMMON_BLOCKS = YES;
				GCC_WARN_64_TO_32_BIT_CONVERSION = YES;
				GCC_WARN_ABOUT_RETURN_TYPE = YES_ERROR;
				GCC_WARN_UNDECLARED_SELECTOR = YES;
				GCC_WARN_UNINITIALIZED_AUTOS = YES_AGGRESSIVE;
				GCC_WARN_UNUSED_FUNCTION = YES;
				GCC_WARN_UNUSED_VARIABLE = YES;
				IPHONEOS_DEPLOYMENT_TARGET = 27.0;
				LOCALIZATION_PREFERS_STRING_CATALOGS = YES;
				MTL_ENABLE_DEBUG_INFO = NO;
				MTL_FAST_MATH = YES;
				SDKROOT = iphoneos;
				SWIFT_COMPILATION_MODE = wholemodule;
				VALIDATE_PRODUCT = YES;
			};
			name = Release;
		};
		DB4F6BF8302B6D5C0014AC08 /* Debug configuration for PBXNativeTarget "Diario da Cefaleia" */ = {
			isa = XCBuildConfiguration;
			buildSettings = {
				ASSETCATALOG_COMPILER_APPICON_NAME = "cefaleia-icon";
				ASSETCATALOG_COMPILER_GLOBAL_ACCENT_COLOR_NAME = AccentColor;
				CODE_SIGN_ENTITLEMENTS = "Diario da Cefaleia/Diario da Cefaleia.entitlements";
				CODE_SIGN_STYLE = Automatic;
				CURRENT_PROJECT_VERSION = 1;
				DEVELOPMENT_TEAM = 6UNZ5TS4P7;
				ENABLE_PREVIEWS = YES;
				GENERATE_INFOPLIST_FILE = YES;
				INFOPLIST_FILE = "Diario-da-Cefaleia-Info.plist";
				INFOPLIST_KEY_UIApplicationSceneManifest_Generation = YES;
				INFOPLIST_KEY_UIApplicationSupportsIndirectInputEvents = YES;
				INFOPLIST_KEY_UISupportedInterfaceOrientations_iPad = "UIInterfaceOrientationPortrait UIInterfaceOrientationPortraitUpsideDown UIInterfaceOrientationLandscapeLeft UIInterfaceOrientationLandscapeRight";
				INFOPLIST_KEY_UISupportedInterfaceOrientations_iPhone = "UIInterfaceOrientationPortrait UIInterfaceOrientationLandscapeLeft UIInterfaceOrientationLandscapeRight";
				LD_RUNPATH_SEARCH_PATHS = (
					"$(inherited)",
					"@executable_path/Frameworks",
				);
				MARKETING_VERSION = 1.0;
				PRODUCT_BUNDLE_IDENTIFIER = "com.digitalbsb.Diario-da-Cefaleia";
				PRODUCT_NAME = "$(TARGET_NAME)";
				STRING_CATALOG_GENERATE_SYMBOLS = YES;
				SWIFT_APPROACHABLE_CONCURRENCY = YES;
				SWIFT_DEFAULT_ACTOR_ISOLATION = MainActor;
				SWIFT_EMIT_LOC_STRINGS = YES;
				SWIFT_UPCOMING_FEATURE_MEMBER_IMPORT_VISIBILITY = YES;
				SWIFT_VERSION = 5.0;
				TARGETED_DEVICE_FAMILY = 1;
			};
			name = Debug;
		};
		DB4F6BF9302B6D5C0014AC08 /* Release configuration for PBXNativeTarget "Diario da Cefaleia" */ = {
			isa = XCBuildConfiguration;
			buildSettings = {
				ASSETCATALOG_COMPILER_APPICON_NAME = "cefaleia-icon";
				ASSETCATALOG_COMPILER_GLOBAL_ACCENT_COLOR_NAME = AccentColor;
				CODE_SIGN_ENTITLEMENTS = "Diario da Cefaleia/Diario da Cefaleia.entitlements";
				CODE_SIGN_STYLE = Automatic;
				CURRENT_PROJECT_VERSION = 1;
				DEVELOPMENT_TEAM = 6UNZ5TS4P7;
				ENABLE_PREVIEWS = YES;
				GENERATE_INFOPLIST_FILE = YES;
				INFOPLIST_FILE = "Diario-da-Cefaleia-Info.plist";
				INFOPLIST_KEY_UIApplicationSceneManifest_Generation = YES;
				INFOPLIST_KEY_UIApplicationSupportsIndirectInputEvents = YES;
				INFOPLIST_KEY_UISupportedInterfaceOrientations_iPad = "UIInterfaceOrientationPortrait UIInterfaceOrientationPortraitUpsideDown UIInterfaceOrientationLandscapeLeft UIInterfaceOrientationLandscapeRight";
				INFOPLIST_KEY_UISupportedInterfaceOrientations_iPhone = "UIInterfaceOrientationPortrait UIInterfaceOrientationLandscapeLeft UIInterfaceOrientationLandscapeRight";
				LD_RUNPATH_SEARCH_PATHS = (
					"$(inherited)",
					"@executable_path/Frameworks",
				);
				MARKETING_VERSION = 1.0;
				PRODUCT_BUNDLE_IDENTIFIER = "com.digitalbsb.Diario-da-Cefaleia";
				PRODUCT_NAME = "$(TARGET_NAME)";
				STRING_CATALOG_GENERATE_SYMBOLS = YES;
				SWIFT_APPROACHABLE_CONCURRENCY = YES;
				SWIFT_DEFAULT_ACTOR_ISOLATION = MainActor;
				SWIFT_EMIT_LOC_STRINGS = YES;
				SWIFT_UPCOMING_FEATURE_MEMBER_IMPORT_VISIBILITY = YES;
				SWIFT_VERSION = 5.0;
				TARGETED_DEVICE_FAMILY = 1;
			};
			name = Release;
		};
		DB5BBF7C302C9B03006F0DEA /* Debug configuration for PBXNativeTarget "Diario da Cefaleia Tests" */ = {
			isa = XCBuildConfiguration;
			buildSettings = {
				BUNDLE_LOADER = "$(TEST_HOST)";
				CODE_SIGN_STYLE = Automatic;
				CURRENT_PROJECT_VERSION = 1;
				GENERATE_INFOPLIST_FILE = YES;
				IPHONEOS_DEPLOYMENT_TARGET = 27.0;
				MACOSX_DEPLOYMENT_TARGET = 27.0;
				MARKETING_VERSION = 1.0;
				PRODUCT_BUNDLE_IDENTIFIER = "com.digitalbsb.Diario-da-Cefaleia.Diario-da-Cefaleia-Tests";
				PRODUCT_NAME = "$(TARGET_NAME)";
				SDKROOT = auto;
				STRING_CATALOG_GENERATE_SYMBOLS = NO;
				SUPPORTED_PLATFORMS = "iphoneos iphonesimulator macosx xros xrsimulator";
				SWIFT_APPROACHABLE_CONCURRENCY = YES;
				SWIFT_EMIT_LOC_STRINGS = NO;
				SWIFT_UPCOMING_FEATURE_MEMBER_IMPORT_VISIBILITY = YES;
				SWIFT_VERSION = 5.0;
				TARGETED_DEVICE_FAMILY = "1,2,7";
				TEST_HOST = "$(BUILT_PRODUCTS_DIR)/Diario da Cefaleia.app/$(BUNDLE_EXECUTABLE_FOLDER_PATH)/Diario da Cefaleia";
				XROS_DEPLOYMENT_TARGET = 27.0;
			};
			name = Debug;
		};
		DB5BBF7D302C9B03006F0DEA /* Release configuration for PBXNativeTarget "Diario da Cefaleia Tests" */ = {
			isa = XCBuildConfiguration;
			buildSettings = {
				BUNDLE_LOADER = "$(TEST_HOST)";
				CODE_SIGN_STYLE = Automatic;
				CURRENT_PROJECT_VERSION = 1;
				GENERATE_INFOPLIST_FILE = YES;
				IPHONEOS_DEPLOYMENT_TARGET = 27.0;
				MACOSX_DEPLOYMENT_TARGET = 27.0;
				MARKETING_VERSION = 1.0;
				PRODUCT_BUNDLE_IDENTIFIER = "com.digitalbsb.Diario-da-Cefaleia.Diario-da-Cefaleia-Tests";
				PRODUCT_NAME = "$(TARGET_NAME)";
				SDKROOT = auto;
				STRING_CATALOG_GENERATE_SYMBOLS = NO;
				SUPPORTED_PLATFORMS = "iphoneos iphonesimulator macosx xros xrsimulator";
				SWIFT_APPROACHABLE_CONCURRENCY = YES;
				SWIFT_EMIT_LOC_STRINGS = NO;
				SWIFT_UPCOMING_FEATURE_MEMBER_IMPORT_VISIBILITY = YES;
				SWIFT_VERSION = 5.0;
				TARGETED_DEVICE_FAMILY = "1,2,7";
				TEST_HOST = "$(BUILT_PRODUCTS_DIR)/Diario da Cefaleia.app/$(BUNDLE_EXECUTABLE_FOLDER_PATH)/Diario da Cefaleia";
				XROS_DEPLOYMENT_TARGET = 27.0;
			};
			name = Release;
		};
/* End XCBuildConfiguration section */

/* Begin XCConfigurationList section */
		DB4F6BE5302B6D580014AC08 /* Build configuration list for PBXProject "Diario da Cefaleia" */ = {
			isa = XCConfigurationList;
			buildConfigurations = (
				DB4F6BF5302B6D5C0014AC08 /* Debug configuration for PBXProject "Diario da Cefaleia" */,
				DB4F6BF6302B6D5C0014AC08 /* Release configuration for PBXProject "Diario da Cefaleia" */,
			);
			defaultConfigurationName = Release;
		};
		DB4F6BF7302B6D5C0014AC08 /* Build configuration list for PBXNativeTarget "Diario da Cefaleia" */ = {
			isa = XCConfigurationList;
			buildConfigurations = (
				DB4F6BF8302B6D5C0014AC08 /* Debug configuration for PBXNativeTarget "Diario da Cefaleia" */,
				DB4F6BF9302B6D5C0014AC08 /* Release configuration for PBXNativeTarget "Diario da Cefaleia" */,
			);
			defaultConfigurationName = Release;
		};
		DB5BBF7B302C9B03006F0DEA /* Build configuration list for PBXNativeTarget "Diario da Cefaleia Tests" */ = {
			isa = XCConfigurationList;
			buildConfigurations = (
				DB5BBF7C302C9B03006F0DEA /* Debug configuration for PBXNativeTarget "Diario da Cefaleia Tests" */,
				DB5BBF7D302C9B03006F0DEA /* Release configuration for PBXNativeTarget "Diario da Cefaleia Tests" */,
			);
			defaultConfigurationName = Release;
		};
/* End XCConfigurationList section */

/* Begin XCRemoteSwiftPackageReference section */
		DBE5A001302C9F00008A0001 /* XCRemoteSwiftPackageReference "supabase-swift" */ = {
			isa = XCRemoteSwiftPackageReference;
			repositoryURL = "https://github.com/supabase/supabase-swift.git";
			requirement = {
				kind = upToNextMajorVersion;
				minimumVersion = 2.5.1;
			};
		};
/* End XCRemoteSwiftPackageReference section */

/* Begin XCSwiftPackageProductDependency section */
		DBE5A002302C9F00008A0002 /* Supabase */ = {
			isa = XCSwiftPackageProductDependency;
			package = DBE5A001302C9F00008A0001 /* XCRemoteSwiftPackageReference "supabase-swift" */;
			productName = Supabase;
		};
/* End XCSwiftPackageProductDependency section */
	};
	rootObject = DB4F6BE2302B6D580014AC08 /* Project object */;
	validationLevel = 1;
}
